PODS:
  - OpenCV-Dynamic (3.2.3)
  - SwiftEyes (0.1.2):
    - OpenCV-Dynamic (~> 3.x)

DEPENDENCIES:
  - SwiftEyes (from `../`)

EXTERNAL SOURCES:
  SwiftEyes:
    :path: "../"

SPEC CHECKSUMS:
  OpenCV-Dynamic: cec705875ba331237c4e5e1bf7d85e6454beee02
  SwiftEyes: 90bda1d31312c803dc9b6bdfde3afcfbc8434f15

PODFILE CHECKSUM: 8b7151d1bbaccd85f48940ea9fd9fee9a51f4a21

COCOAPODS: 1.2.0
