PODS:
  - OpenCV-Dynamic (3.2.3)
  - SwiftEyes (0.1.1):
    - OpenCV-Dynamic (~> 3.x)
    - SwiftEyes/Core (= 0.1.1)
    - SwiftEyes/Wrapper (= 0.1.1)
  - SwiftEyes/Core (0.1.1):
    - OpenCV-Dynamic (~> 3.x)
  - SwiftEyes/Wrapper (0.1.1):
    - OpenCV-Dynamic (~> 3.x)

DEPENDENCIES:
  - SwiftEyes (from `../`)

EXTERNAL SOURCES:
  SwiftEyes:
    :path: "../"

SPEC CHECKSUMS:
  OpenCV-Dynamic: cec705875ba331237c4e5e1bf7d85e6454beee02
  SwiftEyes: 196be68a2732ca75ad6c1c00bbb1ce317b0004f1

PODFILE CHECKSUM: 8b7151d1bbaccd85f48940ea9fd9fee9a51f4a21

COCOAPODS: 1.2.0
